
Microsoft Visual Studio Solution File, Format Version 12.00
# Visual Studio Version 16
VisualStudioVersion = 16.0.31005.135
MinimumVisualStudioVersion = 10.0.40219.1
Project("{E24C65DC-7377-472B-9ABA-BC803B73C61A}") = "Assignment1", "Assignment1\", "{8AF4372C-9F40-44F3-8CDD-A80868412E85}"
	ProjectSection(WebsiteProperties) = preProject
		TargetFrameworkMoniker = ".NETFramework,Version%3Dv4.8"
		Debug.AspNetCompiler.VirtualPath = "/localhost_10546"
		Debug.AspNetCompiler.PhysicalPath = "Assignment1\"
		Debug.AspNetCompiler.TargetPath = "PrecompiledWeb\localhost_10546\"
		Debug.AspNetCompiler.Updateable = "true"
		Debug.AspNetCompiler.ForceOverwrite = "true"
		Debug.AspNetCompiler.FixedNames = "false"
		Debug.AspNetCompiler.Debug = "True"
		Release.AspNetCompiler.VirtualPath = "/localhost_10546"
		Release.AspNetCompiler.PhysicalPath = "Assignment1\"
		Release.AspNetCompiler.TargetPath = "PrecompiledWeb\localhost_10546\"
		Release.AspNetCompiler.Updateable = "true"
		Release.AspNetCompiler.ForceOverwrite = "true"
		Release.AspNetCompiler.FixedNames = "false"
		Release.AspNetCompiler.Debug = "False"
		VWDPort = "10546"
		SlnRelativePath = "Assignment1\"
		DefaultWebSiteLanguage = "Visual C#"
	EndProjectSection
EndProject
Global
	GlobalSection(SolutionConfigurationPlatforms) = preSolution
		Debug|Any CPU = Debug|Any CPU
		Release|Any CPU = Release|Any CPU
	EndGlobalSection
	GlobalSection(ProjectConfigurationPlatforms) = postSolution
		{8AF4372C-9F40-44F3-8CDD-A80868412E85}.Debug|Any CPU.ActiveCfg = Debug|Any CPU
		{8AF4372C-9F40-44F3-8CDD-A80868412E85}.Debug|Any CPU.Build.0 = Debug|Any CPU
		{8AF4372C-9F40-44F3-8CDD-A80868412E85}.Release|Any CPU.ActiveCfg = Debug|Any CPU
		{8AF4372C-9F40-44F3-8CDD-A80868412E85}.Release|Any CPU.Build.0 = Debug|Any CPU
	EndGlobalSection
	GlobalSection(SolutionProperties) = preSolution
		HideSolutionNode = FALSE
	EndGlobalSection
	GlobalSection(ExtensibilityGlobals) = postSolution
		SolutionGuid = {EC837DF2-B0BE-46F5-8BC6-4AC8E67F1C1A}
	EndGlobalSection
EndGlobal
